{
  "name": "rnbo.example.webpage",
  "version": "1.0.0",
  "lockfileVersion": 1,
  "requires": true,
  "dependencies": {
    "@rnbo/js": {
      "version": "1.2.3",
      "resolved": "https://registry.npmjs.org/@rnbo/js/-/js-1.2.3.tgz",
      "integrity": "sha512-qq+PZwRxrRuUrwezMnf/yc3tRbQu6ltFxXlwPMROskzciuJPD45K6grq4blmLeglRjh+n3lZwAouWnu20/uMTQ=="
    },
    "jsplumb": {
      "version": "2.15.6",
      "resolved": "https://registry.npmjs.org/jsplumb/-/jsplumb-2.15.6.tgz",
      "integrity": "sha512-sIpbpz5eMVM+vV+MQzFCidlaa1RsknrQs6LOTKYDjYUDdTAi2AN2bFi94TxB33TifcIsRNV1jebcaxg0tCoPzg=="
    },
    "lz-string": {
      "version": "1.5.0",
      "resolved": "https://registry.npmjs.org/lz-string/-/lz-string-1.5.0.tgz",
      "integrity": "sha512-h5bgJWpxJNswbU7qCrV0tIKQCaS3blPDrqKWx+QxzuzL1zGUzij9XCWLrSLsJPu5t+eWA/ycetzYAO5IOMcWAQ=="
    }
  }
}
