{
  "name": "rnbo.example.webpage",
  "version": "1.0.0",
  "lockfileVersion": 1,
  "requires": true,
  "dependencies": {
    "@rnbo/js": {
      "version": "1.2.4",
      "resolved": "https://registry.npmjs.org/@rnbo/js/-/js-1.2.4.tgz",
      "integrity": "sha512-NYz7rLU9tgQwXK5kjusaVgO4WI9zL+4QTBwuodQ8O0v49KYXE7D9nUdb5oJedabrCb+RbZ/PrETr4k8WHClwXw=="
    },
    "jsplumb": {
      "version": "2.15.6",
      "resolved": "https://registry.npmjs.org/jsplumb/-/jsplumb-2.15.6.tgz",
      "integrity": "sha512-sIpbpz5eMVM+vV+MQzFCidlaa1RsknrQs6LOTKYDjYUDdTAi2AN2bFi94TxB33TifcIsRNV1jebcaxg0tCoPzg=="
    }
  }
}
